
Microsoft Visual Studio Solution File, Format Version 12.00
# Visual Studio Version 17
VisualStudioVersion = 17.6.33829.357
MinimumVisualStudioVersion = 10.0.40219.1
Project("{FAE04EC0-301F-11D3-BF4B-00C04F79EFBC}") = "ThreeTireArchitechture", "ThreeTireArchitechture\ThreeTireArchitechture.csproj", "{CE2D293C-95A3-419B-9672-6AEAEE53705D}"
EndProject
Project("{FAE04EC0-301F-11D3-BF4B-00C04F79EFBC}") = "DataAccessLayer", "DataAccessLayer\DataAccessLayer.csproj", "{ED1639F1-7C8C-4884-8984-5EA8C6E886F0}"
EndProject
Project("{FAE04EC0-301F-11D3-BF4B-00C04F79EFBC}") = "BusinessAccessLayer", "BusinessAccessLayer\BusinessAccessLayer.csproj", "{4F3A81F8-9384-4011-ADD5-E19E7590E513}"
EndProject
Global
	GlobalSection(SolutionConfigurationPlatforms) = preSolution
		Debug|Any CPU = Debug|Any CPU
		Release|Any CPU = Release|Any CPU
	EndGlobalSection
	GlobalSection(ProjectConfigurationPlatforms) = postSolution
		{CE2D293C-95A3-419B-9672-6AEAEE53705D}.Debug|Any CPU.ActiveCfg = Debug|Any CPU
		{CE2D293C-95A3-419B-9672-6AEAEE53705D}.Debug|Any CPU.Build.0 = Debug|Any CPU
		{CE2D293C-95A3-419B-9672-6AEAEE53705D}.Release|Any CPU.ActiveCfg = Release|Any CPU
		{CE2D293C-95A3-419B-9672-6AEAEE53705D}.Release|Any CPU.Build.0 = Release|Any CPU
		{ED1639F1-7C8C-4884-8984-5EA8C6E886F0}.Debug|Any CPU.ActiveCfg = Debug|Any CPU
		{ED1639F1-7C8C-4884-8984-5EA8C6E886F0}.Debug|Any CPU.Build.0 = Debug|Any CPU
		{ED1639F1-7C8C-4884-8984-5EA8C6E886F0}.Release|Any CPU.ActiveCfg = Release|Any CPU
		{ED1639F1-7C8C-4884-8984-5EA8C6E886F0}.Release|Any CPU.Build.0 = Release|Any CPU
		{4F3A81F8-9384-4011-ADD5-E19E7590E513}.Debug|Any CPU.ActiveCfg = Debug|Any CPU
		{4F3A81F8-9384-4011-ADD5-E19E7590E513}.Debug|Any CPU.Build.0 = Debug|Any CPU
		{4F3A81F8-9384-4011-ADD5-E19E7590E513}.Release|Any CPU.ActiveCfg = Release|Any CPU
		{4F3A81F8-9384-4011-ADD5-E19E7590E513}.Release|Any CPU.Build.0 = Release|Any CPU
	EndGlobalSection
	GlobalSection(SolutionProperties) = preSolution
		HideSolutionNode = FALSE
	EndGlobalSection
	GlobalSection(ExtensibilityGlobals) = postSolution
		SolutionGuid = {FCA1DCA5-254C-46F2-80F0-B81D745AA392}
	EndGlobalSection
EndGlobal
